
Microsoft Visual Studio Solution File, Format Version 10.00
# Visual Studio 2008
Project("{FAE04EC0-301F-11D3-BF4B-00C04F79EFBC}") = "IrvingParkRoad", "IrvingParkRoad\IrvingParkRoad.csproj", "{06965E36-9412-4089-B82B-4CD9B690FED5}"
EndProject
Project("{FAE04EC0-301F-11D3-BF4B-00C04F79EFBC}") = "Xbox 360 Copy of IrvingParkRoad", "IrvingParkRoad\Xbox 360 Copy of IrvingParkRoad.csproj", "{73CF35F5-7752-4202-8E9A-9108E51834A1}"
EndProject
Global
	GlobalSection(SolutionConfigurationPlatforms) = preSolution
		Debug|Mixed Platforms = Debug|Mixed Platforms
		Debug|x86 = Debug|x86
		Debug|Xbox 360 = Debug|Xbox 360
		Release|Mixed Platforms = Release|Mixed Platforms
		Release|x86 = Release|x86
		Release|Xbox 360 = Release|Xbox 360
	EndGlobalSection
	GlobalSection(ProjectConfigurationPlatforms) = postSolution
		{06965E36-9412-4089-B82B-4CD9B690FED5}.Debug|Mixed Platforms.ActiveCfg = Debug|x86
		{06965E36-9412-4089-B82B-4CD9B690FED5}.Debug|Mixed Platforms.Build.0 = Debug|x86
		{06965E36-9412-4089-B82B-4CD9B690FED5}.Debug|x86.ActiveCfg = Debug|x86
		{06965E36-9412-4089-B82B-4CD9B690FED5}.Debug|x86.Build.0 = Debug|x86
		{06965E36-9412-4089-B82B-4CD9B690FED5}.Debug|Xbox 360.ActiveCfg = Debug|x86
		{06965E36-9412-4089-B82B-4CD9B690FED5}.Release|Mixed Platforms.ActiveCfg = Release|x86
		{06965E36-9412-4089-B82B-4CD9B690FED5}.Release|Mixed Platforms.Build.0 = Release|x86
		{06965E36-9412-4089-B82B-4CD9B690FED5}.Release|x86.ActiveCfg = Release|x86
		{06965E36-9412-4089-B82B-4CD9B690FED5}.Release|x86.Build.0 = Release|x86
		{06965E36-9412-4089-B82B-4CD9B690FED5}.Release|Xbox 360.ActiveCfg = Release|x86
		{47C4CD3E-EBD4-4843-AF64-DFF75F778D57}.Debug|Mixed Platforms.ActiveCfg = Debug|x86
		{47C4CD3E-EBD4-4843-AF64-DFF75F778D57}.Debug|x86.ActiveCfg = Debug|x86
		{47C4CD3E-EBD4-4843-AF64-DFF75F778D57}.Debug|Xbox 360.ActiveCfg = Debug|x86
		{47C4CD3E-EBD4-4843-AF64-DFF75F778D57}.Release|Mixed Platforms.ActiveCfg = Release|x86
		{47C4CD3E-EBD4-4843-AF64-DFF75F778D57}.Release|x86.ActiveCfg = Release|x86
		{47C4CD3E-EBD4-4843-AF64-DFF75F778D57}.Release|Xbox 360.ActiveCfg = Release|x86
		{73CF35F5-7752-4202-8E9A-9108E51834A1}.Debug|Mixed Platforms.ActiveCfg = Debug|Xbox 360
		{73CF35F5-7752-4202-8E9A-9108E51834A1}.Debug|Mixed Platforms.Build.0 = Debug|Xbox 360
		{73CF35F5-7752-4202-8E9A-9108E51834A1}.Debug|Mixed Platforms.Deploy.0 = Debug|Xbox 360
		{73CF35F5-7752-4202-8E9A-9108E51834A1}.Debug|x86.ActiveCfg = Debug|Xbox 360
		{73CF35F5-7752-4202-8E9A-9108E51834A1}.Debug|Xbox 360.ActiveCfg = Debug|Xbox 360
		{73CF35F5-7752-4202-8E9A-9108E51834A1}.Debug|Xbox 360.Build.0 = Debug|Xbox 360
		{73CF35F5-7752-4202-8E9A-9108E51834A1}.Debug|Xbox 360.Deploy.0 = Debug|Xbox 360
		{73CF35F5-7752-4202-8E9A-9108E51834A1}.Release|Mixed Platforms.ActiveCfg = Release|Xbox 360
		{73CF35F5-7752-4202-8E9A-9108E51834A1}.Release|Mixed Platforms.Build.0 = Release|Xbox 360
		{73CF35F5-7752-4202-8E9A-9108E51834A1}.Release|Mixed Platforms.Deploy.0 = Release|Xbox 360
		{73CF35F5-7752-4202-8E9A-9108E51834A1}.Release|x86.ActiveCfg = Release|Xbox 360
		{73CF35F5-7752-4202-8E9A-9108E51834A1}.Release|Xbox 360.ActiveCfg = Release|Xbox 360
		{73CF35F5-7752-4202-8E9A-9108E51834A1}.Release|Xbox 360.Build.0 = Release|Xbox 360
		{73CF35F5-7752-4202-8E9A-9108E51834A1}.Release|Xbox 360.Deploy.0 = Release|Xbox 360
	EndGlobalSection
	GlobalSection(SolutionProperties) = preSolution
		HideSolutionNode = FALSE
	EndGlobalSection
EndGlobal
